
Microsoft Visual Studio Solution File, Format Version 12.00
# Visual Studio Version 17
VisualStudioVersion = 17.3.32804.467
MinimumVisualStudioVersion = 10.0.40219.1
Project("{9A19103F-16F7-4668-BE54-9A1E7A4F7556}") = "Auth.API", "Auth.API\Auth.API.csproj", "{E286B368-9AF5-479C-ABA2-C996052CAA5E}"
EndProject
Project("{9A19103F-16F7-4668-BE54-9A1E7A4F7556}") = "Auth.Common", "Auth.Common\Auth.Common.csproj", "{1F4DEB81-F184-49E7-9907-6C8C25CBADD3}"
EndProject
Project("{9A19103F-16F7-4668-BE54-9A1E7A4F7556}") = "Content.API", "Content.API\Content.API.csproj", "{B19AC25F-1C16-45F6-ADD1-1AEEA2F5FAEF}"
EndProject
Project("{9A19103F-16F7-4668-BE54-9A1E7A4F7556}") = "SimpleTaskBoard.Domain", "SimpleTaskBoard.Domain\SimpleTaskBoard.Domain.csproj", "{6DBD9598-53B1-4F05-BD21-4EFDEAACF44E}"
EndProject
Project("{9A19103F-16F7-4668-BE54-9A1E7A4F7556}") = "SimpleTaskBoard.Infrastructure", "SimpleTaskBoard.Infrastructure\SimpleTaskBoard.Infrastructure.csproj", "{B343907E-C088-4AAF-9047-B0F65E6EA519}"
EndProject
Project("{2150E333-8FDC-42A3-9474-1A3956D46DE8}") = "Solution Items", "Solution Items", "{0EB68A45-77E6-44F8-8612-A4393190ED3B}"
	ProjectSection(SolutionItems) = preProject
		docker-compose.yml = docker-compose.yml
	EndProjectSection
EndProject
Global
	GlobalSection(SolutionConfigurationPlatforms) = preSolution
		Debug|Any CPU = Debug|Any CPU
		Release|Any CPU = Release|Any CPU
	EndGlobalSection
	GlobalSection(ProjectConfigurationPlatforms) = postSolution
		{E286B368-9AF5-479C-ABA2-C996052CAA5E}.Debug|Any CPU.ActiveCfg = Debug|Any CPU
		{E286B368-9AF5-479C-ABA2-C996052CAA5E}.Debug|Any CPU.Build.0 = Debug|Any CPU
		{E286B368-9AF5-479C-ABA2-C996052CAA5E}.Release|Any CPU.ActiveCfg = Release|Any CPU
		{E286B368-9AF5-479C-ABA2-C996052CAA5E}.Release|Any CPU.Build.0 = Release|Any CPU
		{1F4DEB81-F184-49E7-9907-6C8C25CBADD3}.Debug|Any CPU.ActiveCfg = Debug|Any CPU
		{1F4DEB81-F184-49E7-9907-6C8C25CBADD3}.Debug|Any CPU.Build.0 = Debug|Any CPU
		{1F4DEB81-F184-49E7-9907-6C8C25CBADD3}.Release|Any CPU.ActiveCfg = Release|Any CPU
		{1F4DEB81-F184-49E7-9907-6C8C25CBADD3}.Release|Any CPU.Build.0 = Release|Any CPU
		{B19AC25F-1C16-45F6-ADD1-1AEEA2F5FAEF}.Debug|Any CPU.ActiveCfg = Debug|Any CPU
		{B19AC25F-1C16-45F6-ADD1-1AEEA2F5FAEF}.Debug|Any CPU.Build.0 = Debug|Any CPU
		{B19AC25F-1C16-45F6-ADD1-1AEEA2F5FAEF}.Release|Any CPU.ActiveCfg = Release|Any CPU
		{B19AC25F-1C16-45F6-ADD1-1AEEA2F5FAEF}.Release|Any CPU.Build.0 = Release|Any CPU
		{6DBD9598-53B1-4F05-BD21-4EFDEAACF44E}.Debug|Any CPU.ActiveCfg = Debug|Any CPU
		{6DBD9598-53B1-4F05-BD21-4EFDEAACF44E}.Debug|Any CPU.Build.0 = Debug|Any CPU
		{6DBD9598-53B1-4F05-BD21-4EFDEAACF44E}.Release|Any CPU.ActiveCfg = Release|Any CPU
		{6DBD9598-53B1-4F05-BD21-4EFDEAACF44E}.Release|Any CPU.Build.0 = Release|Any CPU
		{B343907E-C088-4AAF-9047-B0F65E6EA519}.Debug|Any CPU.ActiveCfg = Debug|Any CPU
		{B343907E-C088-4AAF-9047-B0F65E6EA519}.Debug|Any CPU.Build.0 = Debug|Any CPU
		{B343907E-C088-4AAF-9047-B0F65E6EA519}.Release|Any CPU.ActiveCfg = Release|Any CPU
		{B343907E-C088-4AAF-9047-B0F65E6EA519}.Release|Any CPU.Build.0 = Release|Any CPU
	EndGlobalSection
	GlobalSection(SolutionProperties) = preSolution
		HideSolutionNode = FALSE
	EndGlobalSection
	GlobalSection(ExtensibilityGlobals) = postSolution
		SolutionGuid = {63D2C910-E245-4AB5-928C-854F44CCB85F}
	EndGlobalSection
EndGlobal
